
Microsoft Visual Studio Solution File, Format Version 12.00
# Visual Studio Version 17
VisualStudioVersion = 17.0.31903.59
MinimumVisualStudioVersion = 10.0.40219.1
Project("{FAE04EC0-301F-11D3-BF4B-00C04F79EFBC}") = "GrpcProductServer", "GrpcProductServer\GrpcProductServer.csproj", "{15462911-FD9B-497B-8D4E-05286A7D869E}"
EndProject
Project("{FAE04EC0-301F-11D3-BF4B-00C04F79EFBC}") = "GrpcProductClient", "GrpcProductClient\GrpcProductClient.csproj", "{C065598C-E550-4D1D-BCB4-B427064F5D1F}"
EndProject
Global
	GlobalSection(SolutionConfigurationPlatforms) = preSolution
		Debug|Any CPU = Debug|Any CPU
		Release|Any CPU = Release|Any CPU
	EndGlobalSection
	GlobalSection(SolutionProperties) = preSolution
		HideSolutionNode = FALSE
	EndGlobalSection
	GlobalSection(ProjectConfigurationPlatforms) = postSolution
		{15462911-FD9B-497B-8D4E-05286A7D869E}.Debug|Any CPU.ActiveCfg = Debug|Any CPU
		{15462911-FD9B-497B-8D4E-05286A7D869E}.Debug|Any CPU.Build.0 = Debug|Any CPU
		{15462911-FD9B-497B-8D4E-05286A7D869E}.Release|Any CPU.ActiveCfg = Release|Any CPU
		{15462911-FD9B-497B-8D4E-05286A7D869E}.Release|Any CPU.Build.0 = Release|Any CPU
		{C065598C-E550-4D1D-BCB4-B427064F5D1F}.Debug|Any CPU.ActiveCfg = Debug|Any CPU
		{C065598C-E550-4D1D-BCB4-B427064F5D1F}.Debug|Any CPU.Build.0 = Debug|Any CPU
		{C065598C-E550-4D1D-BCB4-B427064F5D1F}.Release|Any CPU.ActiveCfg = Release|Any CPU
		{C065598C-E550-4D1D-BCB4-B427064F5D1F}.Release|Any CPU.Build.0 = Release|Any CPU
	EndGlobalSection
EndGlobal
